
Microsoft Visual Studio Solution File, Format Version 12.00
# Visual Studio Version 16
VisualStudioVersion = 16.0.30204.135
MinimumVisualStudioVersion = 10.0.40219.1
Project("{FAE04EC0-301F-11D3-BF4B-00C04F79EFBC}") = "ElevatorCore", "ElevatorCore\ElevatorCore.csproj", "{2B796C4C-DD75-43C2-82C6-B3436ABB812A}"
EndProject
Project("{FAE04EC0-301F-11D3-BF4B-00C04F79EFBC}") = "ElevatorCore.Test", "ElevatorCore.Test\ElevatorCore.Test.csproj", "{FC1A0CA1-9C6F-47F0-A336-94FC2D779BCC}"
EndProject
Global
	GlobalSection(SolutionConfigurationPlatforms) = preSolution
		Debug|Any CPU = Debug|Any CPU
		Release|Any CPU = Release|Any CPU
	EndGlobalSection
	GlobalSection(ProjectConfigurationPlatforms) = postSolution
		{2B796C4C-DD75-43C2-82C6-B3436ABB812A}.Debug|Any CPU.ActiveCfg = Debug|Any CPU
		{2B796C4C-DD75-43C2-82C6-B3436ABB812A}.Debug|Any CPU.Build.0 = Debug|Any CPU
		{2B796C4C-DD75-43C2-82C6-B3436ABB812A}.Release|Any CPU.ActiveCfg = Release|Any CPU
		{2B796C4C-DD75-43C2-82C6-B3436ABB812A}.Release|Any CPU.Build.0 = Release|Any CPU
		{FC1A0CA1-9C6F-47F0-A336-94FC2D779BCC}.Debug|Any CPU.ActiveCfg = Debug|Any CPU
		{FC1A0CA1-9C6F-47F0-A336-94FC2D779BCC}.Debug|Any CPU.Build.0 = Debug|Any CPU
		{FC1A0CA1-9C6F-47F0-A336-94FC2D779BCC}.Release|Any CPU.ActiveCfg = Release|Any CPU
		{FC1A0CA1-9C6F-47F0-A336-94FC2D779BCC}.Release|Any CPU.Build.0 = Release|Any CPU
	EndGlobalSection
	GlobalSection(SolutionProperties) = preSolution
		HideSolutionNode = FALSE
	EndGlobalSection
	GlobalSection(ExtensibilityGlobals) = postSolution
		SolutionGuid = {D3A0D4E9-FACE-411E-BDF0-4C4CA18CDFCE}
	EndGlobalSection
EndGlobal
